
Microsoft Visual Studio Solution File, Format Version 12.00
Project("{FAE04EC0-301F-11D3-BF4B-00C04F79EFBC}") = "WaitingScreenTerminal", "WaitingScreenTerminal\WaitingScreenTerminal.csproj", "{96756C80-426C-45CD-8051-2DB8910DC27F}"
EndProject
Global
	GlobalSection(SolutionConfigurationPlatforms) = preSolution
		Debug|Any CPU = Debug|Any CPU
		Release|Any CPU = Release|Any CPU
	EndGlobalSection
	GlobalSection(ProjectConfigurationPlatforms) = postSolution
		{96756C80-426C-45CD-8051-2DB8910DC27F}.Debug|Any CPU.ActiveCfg = Debug|Any CPU
		{96756C80-426C-45CD-8051-2DB8910DC27F}.Debug|Any CPU.Build.0 = Debug|Any CPU
		{96756C80-426C-45CD-8051-2DB8910DC27F}.Release|Any CPU.ActiveCfg = Release|Any CPU
		{96756C80-426C-45CD-8051-2DB8910DC27F}.Release|Any CPU.Build.0 = Release|Any CPU
	EndGlobalSection
EndGlobal
